
Microsoft Visual Studio Solution File, Format Version 12.00
# Visual Studio Version 17
VisualStudioVersion = 17.0.32112.339
MinimumVisualStudioVersion = 10.0.40219.1
Project("{FAE04EC0-301F-11D3-BF4B-00C04F79EFBC}") = "lab3_vis", "lab3_vis\lab3_vis.csproj", "{D8B7A1D8-1CE7-4C1F-AAAA-8E7CA3E580D0}"
EndProject
Project("{FAE04EC0-301F-11D3-BF4B-00C04F79EFBC}") = "UNitTest", "UNitTest\UNitTest.csproj", "{81427F91-888E-4F65-B8BA-B416FB262BE3}"
EndProject
Global
	GlobalSection(SolutionConfigurationPlatforms) = preSolution
		Debug|Any CPU = Debug|Any CPU
		Release|Any CPU = Release|Any CPU
	EndGlobalSection
	GlobalSection(ProjectConfigurationPlatforms) = postSolution
		{D8B7A1D8-1CE7-4C1F-AAAA-8E7CA3E580D0}.Debug|Any CPU.ActiveCfg = Debug|Any CPU
		{D8B7A1D8-1CE7-4C1F-AAAA-8E7CA3E580D0}.Debug|Any CPU.Build.0 = Debug|Any CPU
		{D8B7A1D8-1CE7-4C1F-AAAA-8E7CA3E580D0}.Release|Any CPU.ActiveCfg = Release|Any CPU
		{D8B7A1D8-1CE7-4C1F-AAAA-8E7CA3E580D0}.Release|Any CPU.Build.0 = Release|Any CPU
		{81427F91-888E-4F65-B8BA-B416FB262BE3}.Debug|Any CPU.ActiveCfg = Debug|Any CPU
		{81427F91-888E-4F65-B8BA-B416FB262BE3}.Debug|Any CPU.Build.0 = Debug|Any CPU
		{81427F91-888E-4F65-B8BA-B416FB262BE3}.Release|Any CPU.ActiveCfg = Release|Any CPU
		{81427F91-888E-4F65-B8BA-B416FB262BE3}.Release|Any CPU.Build.0 = Release|Any CPU
	EndGlobalSection
	GlobalSection(SolutionProperties) = preSolution
		HideSolutionNode = FALSE
	EndGlobalSection
	GlobalSection(ExtensibilityGlobals) = postSolution
		SolutionGuid = {2336013D-0DF9-46F6-A956-32928CB790FE}
	EndGlobalSection
EndGlobal
